
Microsoft Visual Studio Solution File, Format Version 12.00
# Visual Studio 15
Project("{FAE04EC0-301F-11D3-BF4B-00C04F79EFBC}") = "Unity.ML-Agents", "Unity.ML-Agents.csproj", "{2E0A590E-9180-28BD-8E9A-E9B4B45AEF2C}"
EndProject
Project("{FAE04EC0-301F-11D3-BF4B-00C04F79EFBC}") = "Assembly-CSharp", "Assembly-CSharp.csproj", "{AA9AC5E8-0767-3B20-EAA3-D0E0D866E89D}"
EndProject
Project("{FAE04EC0-301F-11D3-BF4B-00C04F79EFBC}") = "Unity.ML-Agents.Editor", "Unity.ML-Agents.Editor.csproj", "{D2BDD673-FB18-184A-0F61-AEF8C5853CD5}"
EndProject
Global
	GlobalSection(SolutionConfigurationPlatforms) = preSolution
		Debug|Any CPU = Debug|Any CPU
		Release|Any CPU = Release|Any CPU
	EndGlobalSection
	GlobalSection(ProjectConfigurationPlatforms) = postSolution
		{2E0A590E-9180-28BD-8E9A-E9B4B45AEF2C}.Debug|Any CPU.ActiveCfg = Debug|Any CPU
		{2E0A590E-9180-28BD-8E9A-E9B4B45AEF2C}.Debug|Any CPU.Build.0 = Debug|Any CPU
		{2E0A590E-9180-28BD-8E9A-E9B4B45AEF2C}.Release|Any CPU.ActiveCfg = Release|Any CPU
		{2E0A590E-9180-28BD-8E9A-E9B4B45AEF2C}.Release|Any CPU.Build.0 = Release|Any CPU
		{AA9AC5E8-0767-3B20-EAA3-D0E0D866E89D}.Debug|Any CPU.ActiveCfg = Debug|Any CPU
		{AA9AC5E8-0767-3B20-EAA3-D0E0D866E89D}.Debug|Any CPU.Build.0 = Debug|Any CPU
		{AA9AC5E8-0767-3B20-EAA3-D0E0D866E89D}.Release|Any CPU.ActiveCfg = Release|Any CPU
		{AA9AC5E8-0767-3B20-EAA3-D0E0D866E89D}.Release|Any CPU.Build.0 = Release|Any CPU
		{D2BDD673-FB18-184A-0F61-AEF8C5853CD5}.Debug|Any CPU.ActiveCfg = Debug|Any CPU
		{D2BDD673-FB18-184A-0F61-AEF8C5853CD5}.Debug|Any CPU.Build.0 = Debug|Any CPU
		{D2BDD673-FB18-184A-0F61-AEF8C5853CD5}.Release|Any CPU.ActiveCfg = Release|Any CPU
		{D2BDD673-FB18-184A-0F61-AEF8C5853CD5}.Release|Any CPU.Build.0 = Release|Any CPU
	EndGlobalSection
	GlobalSection(SolutionProperties) = preSolution
		HideSolutionNode = FALSE
	EndGlobalSection
EndGlobal
